
Microsoft Visual Studio Solution File, Format Version 12.00
# Visual Studio Version 17
VisualStudioVersion = 17.10.34928.147
MinimumVisualStudioVersion = 10.0.40219.1
Project("{9A19103F-16F7-4668-BE54-9A1E7A4F7556}") = "Contracts", "MetaDataService\Contracts\Contracts.csproj", "{F5473787-6B49-4239-815A-04330DACC4BC}"
EndProject
Project("{9A19103F-16F7-4668-BE54-9A1E7A4F7556}") = "LoggerService", "MetaDataService\LoggerService\LoggerService.csproj", "{D4260226-089B-417C-8AE8-40754EE3972F}"
EndProject
Project("{9A19103F-16F7-4668-BE54-9A1E7A4F7556}") = "Entities", "MetaDataService\Entities\Entities.csproj", "{8A52ED37-9D87-4F61-A6B8-0A32DDA711B4}"
EndProject
Project("{9A19103F-16F7-4668-BE54-9A1E7A4F7556}") = "Repository", "MetaDataService\Repository\Repository.csproj", "{50024A8E-DB48-4E6C-969A-7991AA1F9143}"
EndProject
Project("{9A19103F-16F7-4668-BE54-9A1E7A4F7556}") = "Service.Contracts", "MetaDataService\Service.Contracts\Service.Contracts.csproj", "{ED8CCAE4-9E7C-4CF2-A151-5C785E396771}"
EndProject
Project("{9A19103F-16F7-4668-BE54-9A1E7A4F7556}") = "Service", "MetaDataService\Service\Service.csproj", "{92B05FAC-FE32-4C44-97D2-49F52CAB689A}"
EndProject
Project("{9A19103F-16F7-4668-BE54-9A1E7A4F7556}") = "Presentation", "MetaDataService\Presentation\Presentation.csproj", "{A7C7424C-8382-4865-85F7-6116AB565B60}"
EndProject
Project("{9A19103F-16F7-4668-BE54-9A1E7A4F7556}") = "Shared", "MetaDataService\Shared\Shared.csproj", "{7A3BFC0E-6073-4311-AA41-898063B80358}"
EndProject
Project("{9A19103F-16F7-4668-BE54-9A1E7A4F7556}") = "API", "MetaDataService\API\API.csproj", "{DB04E300-1311-4FD6-81B5-65269E29EDC6}"
EndProject
Project("{9A19103F-16F7-4668-BE54-9A1E7A4F7556}") = "Test.API", "MetaDataService\Test.API\Test.API.csproj", "{304DBF21-C20F-4159-88D1-87C65905700E}"
EndProject
Project("{2150E333-8FDC-42A3-9474-1A3956D46DE8}") = "MetaDataService", "MetaDataService", "{B2B52CEF-FB72-4654-AC75-E9682413CC9D}"
EndProject
Project("{2150E333-8FDC-42A3-9474-1A3956D46DE8}") = "StorageService", "StorageService", "{D73B192B-5D5A-4EEA-BA66-0A026319912D}"
EndProject
Project("{2150E333-8FDC-42A3-9474-1A3956D46DE8}") = "COMMS", "COMMS", "{A156EEE7-95FC-49F0-A7B2-38283B8F962F}"
EndProject
Project("{9A19103F-16F7-4668-BE54-9A1E7A4F7556}") = "CrossCuttingLayer", "COMMS\CrossCuttingLayer\CrossCuttingLayer.csproj", "{6CD973C0-0908-4ABE-BF03-A23F6B5CAAE4}"
EndProject
Project("{9A19103F-16F7-4668-BE54-9A1E7A4F7556}") = "AzureUploader", "StorageService\AzureUploader\AzureUploader.csproj", "{4051074F-CC06-4757-92D2-988E989F200D}"
EndProject
Project("{9A19103F-16F7-4668-BE54-9A1E7A4F7556}") = "MainClient", "StorageService\MainClient\MainClient.csproj", "{44A65231-B74C-4D6E-AA44-EAE7ED77121A}"
EndProject
Global
	GlobalSection(SolutionConfigurationPlatforms) = preSolution
		Debug|Any CPU = Debug|Any CPU
		Release|Any CPU = Release|Any CPU
	EndGlobalSection
	GlobalSection(ProjectConfigurationPlatforms) = postSolution
		{F5473787-6B49-4239-815A-04330DACC4BC}.Debug|Any CPU.ActiveCfg = Debug|Any CPU
		{F5473787-6B49-4239-815A-04330DACC4BC}.Debug|Any CPU.Build.0 = Debug|Any CPU
		{F5473787-6B49-4239-815A-04330DACC4BC}.Release|Any CPU.ActiveCfg = Release|Any CPU
		{F5473787-6B49-4239-815A-04330DACC4BC}.Release|Any CPU.Build.0 = Release|Any CPU
		{D4260226-089B-417C-8AE8-40754EE3972F}.Debug|Any CPU.ActiveCfg = Debug|Any CPU
		{D4260226-089B-417C-8AE8-40754EE3972F}.Debug|Any CPU.Build.0 = Debug|Any CPU
		{D4260226-089B-417C-8AE8-40754EE3972F}.Release|Any CPU.ActiveCfg = Release|Any CPU
		{D4260226-089B-417C-8AE8-40754EE3972F}.Release|Any CPU.Build.0 = Release|Any CPU
		{8A52ED37-9D87-4F61-A6B8-0A32DDA711B4}.Debug|Any CPU.ActiveCfg = Debug|Any CPU
		{8A52ED37-9D87-4F61-A6B8-0A32DDA711B4}.Debug|Any CPU.Build.0 = Debug|Any CPU
		{8A52ED37-9D87-4F61-A6B8-0A32DDA711B4}.Release|Any CPU.ActiveCfg = Release|Any CPU
		{8A52ED37-9D87-4F61-A6B8-0A32DDA711B4}.Release|Any CPU.Build.0 = Release|Any CPU
		{50024A8E-DB48-4E6C-969A-7991AA1F9143}.Debug|Any CPU.ActiveCfg = Debug|Any CPU
		{50024A8E-DB48-4E6C-969A-7991AA1F9143}.Debug|Any CPU.Build.0 = Debug|Any CPU
		{50024A8E-DB48-4E6C-969A-7991AA1F9143}.Release|Any CPU.ActiveCfg = Release|Any CPU
		{50024A8E-DB48-4E6C-969A-7991AA1F9143}.Release|Any CPU.Build.0 = Release|Any CPU
		{ED8CCAE4-9E7C-4CF2-A151-5C785E396771}.Debug|Any CPU.ActiveCfg = Debug|Any CPU
		{ED8CCAE4-9E7C-4CF2-A151-5C785E396771}.Debug|Any CPU.Build.0 = Debug|Any CPU
		{ED8CCAE4-9E7C-4CF2-A151-5C785E396771}.Release|Any CPU.ActiveCfg = Release|Any CPU
		{ED8CCAE4-9E7C-4CF2-A151-5C785E396771}.Release|Any CPU.Build.0 = Release|Any CPU
		{92B05FAC-FE32-4C44-97D2-49F52CAB689A}.Debug|Any CPU.ActiveCfg = Debug|Any CPU
		{92B05FAC-FE32-4C44-97D2-49F52CAB689A}.Debug|Any CPU.Build.0 = Debug|Any CPU
		{92B05FAC-FE32-4C44-97D2-49F52CAB689A}.Release|Any CPU.ActiveCfg = Release|Any CPU
		{92B05FAC-FE32-4C44-97D2-49F52CAB689A}.Release|Any CPU.Build.0 = Release|Any CPU
		{A7C7424C-8382-4865-85F7-6116AB565B60}.Debug|Any CPU.ActiveCfg = Debug|Any CPU
		{A7C7424C-8382-4865-85F7-6116AB565B60}.Debug|Any CPU.Build.0 = Debug|Any CPU
		{A7C7424C-8382-4865-85F7-6116AB565B60}.Release|Any CPU.ActiveCfg = Release|Any CPU
		{A7C7424C-8382-4865-85F7-6116AB565B60}.Release|Any CPU.Build.0 = Release|Any CPU
		{7A3BFC0E-6073-4311-AA41-898063B80358}.Debug|Any CPU.ActiveCfg = Debug|Any CPU
		{7A3BFC0E-6073-4311-AA41-898063B80358}.Debug|Any CPU.Build.0 = Debug|Any CPU
		{7A3BFC0E-6073-4311-AA41-898063B80358}.Release|Any CPU.ActiveCfg = Release|Any CPU
		{7A3BFC0E-6073-4311-AA41-898063B80358}.Release|Any CPU.Build.0 = Release|Any CPU
		{DB04E300-1311-4FD6-81B5-65269E29EDC6}.Debug|Any CPU.ActiveCfg = Debug|Any CPU
		{DB04E300-1311-4FD6-81B5-65269E29EDC6}.Debug|Any CPU.Build.0 = Debug|Any CPU
		{DB04E300-1311-4FD6-81B5-65269E29EDC6}.Release|Any CPU.ActiveCfg = Release|Any CPU
		{DB04E300-1311-4FD6-81B5-65269E29EDC6}.Release|Any CPU.Build.0 = Release|Any CPU
		{304DBF21-C20F-4159-88D1-87C65905700E}.Debug|Any CPU.ActiveCfg = Debug|Any CPU
		{304DBF21-C20F-4159-88D1-87C65905700E}.Debug|Any CPU.Build.0 = Debug|Any CPU
		{304DBF21-C20F-4159-88D1-87C65905700E}.Release|Any CPU.ActiveCfg = Release|Any CPU
		{304DBF21-C20F-4159-88D1-87C65905700E}.Release|Any CPU.Build.0 = Release|Any CPU
		{6CD973C0-0908-4ABE-BF03-A23F6B5CAAE4}.Debug|Any CPU.ActiveCfg = Debug|Any CPU
		{6CD973C0-0908-4ABE-BF03-A23F6B5CAAE4}.Debug|Any CPU.Build.0 = Debug|Any CPU
		{6CD973C0-0908-4ABE-BF03-A23F6B5CAAE4}.Release|Any CPU.ActiveCfg = Release|Any CPU
		{6CD973C0-0908-4ABE-BF03-A23F6B5CAAE4}.Release|Any CPU.Build.0 = Release|Any CPU
		{4051074F-CC06-4757-92D2-988E989F200D}.Debug|Any CPU.ActiveCfg = Debug|Any CPU
		{4051074F-CC06-4757-92D2-988E989F200D}.Debug|Any CPU.Build.0 = Debug|Any CPU
		{4051074F-CC06-4757-92D2-988E989F200D}.Release|Any CPU.ActiveCfg = Release|Any CPU
		{4051074F-CC06-4757-92D2-988E989F200D}.Release|Any CPU.Build.0 = Release|Any CPU
		{44A65231-B74C-4D6E-AA44-EAE7ED77121A}.Debug|Any CPU.ActiveCfg = Debug|Any CPU
		{44A65231-B74C-4D6E-AA44-EAE7ED77121A}.Debug|Any CPU.Build.0 = Debug|Any CPU
		{44A65231-B74C-4D6E-AA44-EAE7ED77121A}.Release|Any CPU.ActiveCfg = Release|Any CPU
		{44A65231-B74C-4D6E-AA44-EAE7ED77121A}.Release|Any CPU.Build.0 = Release|Any CPU
	EndGlobalSection
	GlobalSection(SolutionProperties) = preSolution
		HideSolutionNode = FALSE
	EndGlobalSection
	GlobalSection(NestedProjects) = preSolution
		{F5473787-6B49-4239-815A-04330DACC4BC} = {B2B52CEF-FB72-4654-AC75-E9682413CC9D}
		{D4260226-089B-417C-8AE8-40754EE3972F} = {B2B52CEF-FB72-4654-AC75-E9682413CC9D}
		{8A52ED37-9D87-4F61-A6B8-0A32DDA711B4} = {B2B52CEF-FB72-4654-AC75-E9682413CC9D}
		{50024A8E-DB48-4E6C-969A-7991AA1F9143} = {B2B52CEF-FB72-4654-AC75-E9682413CC9D}
		{ED8CCAE4-9E7C-4CF2-A151-5C785E396771} = {B2B52CEF-FB72-4654-AC75-E9682413CC9D}
		{92B05FAC-FE32-4C44-97D2-49F52CAB689A} = {B2B52CEF-FB72-4654-AC75-E9682413CC9D}
		{A7C7424C-8382-4865-85F7-6116AB565B60} = {B2B52CEF-FB72-4654-AC75-E9682413CC9D}
		{7A3BFC0E-6073-4311-AA41-898063B80358} = {B2B52CEF-FB72-4654-AC75-E9682413CC9D}
		{DB04E300-1311-4FD6-81B5-65269E29EDC6} = {B2B52CEF-FB72-4654-AC75-E9682413CC9D}
		{304DBF21-C20F-4159-88D1-87C65905700E} = {B2B52CEF-FB72-4654-AC75-E9682413CC9D}
		{6CD973C0-0908-4ABE-BF03-A23F6B5CAAE4} = {A156EEE7-95FC-49F0-A7B2-38283B8F962F}
		{4051074F-CC06-4757-92D2-988E989F200D} = {D73B192B-5D5A-4EEA-BA66-0A026319912D}
		{44A65231-B74C-4D6E-AA44-EAE7ED77121A} = {D73B192B-5D5A-4EEA-BA66-0A026319912D}
	EndGlobalSection
	GlobalSection(ExtensibilityGlobals) = postSolution
		SolutionGuid = {8AE16486-6AA3-46C2-8176-4344C5D63EB2}
	EndGlobalSection
EndGlobal
